{
  "name": "x-auto-post",
  "lockfileVersion": 3,
  "requires": true,
  "packages": {
    "": {
      "dependencies": {
        "dotenv": "^17.4.0",
        "japanese-holidays": "^1.0.10",
        "node-cron": "^4.2.1",
        "twitter-api-v2": "^1.29.0"
      }
    },
    "node_modules/dotenv": {
      "version": "17.4.0",
      "resolved": "https://registry.npmjs.org/dotenv/-/dotenv-17.4.0.tgz",
      "integrity": "sha512-kCKF62fwtzwYm0IGBNjRUjtJgMfGapII+FslMHIjMR5KTnwEmBmWLDRSnc3XSNP8bNy34tekgQyDT0hr7pERRQ==",
      "license": "BSD-2-Clause",
      "engines": {
        "node": ">=12"
      },
      "funding": {
        "url": "https://dotenvx.com"
      }
    },
    "node_modules/japanese-holidays": {
      "version": "1.0.10",
      "resolved": "https://registry.npmjs.org/japanese-holidays/-/japanese-holidays-1.0.10.tgz",
      "integrity": "sha512-OiK5801c432ljumKnQ65TGw6HSEuetU0Fvlz1/BPPPqwxQZ2kPeCy3XHO6q5nf+6zJqIf1fqcpQjWp+/SimO6Q==",
      "license": "MIT"
    },
    "node_modules/node-cron": {
      "version": "4.2.1",
      "resolved": "https://registry.npmjs.org/node-cron/-/node-cron-4.2.1.tgz",
      "integrity": "sha512-lgimEHPE/QDgFlywTd8yTR61ptugX3Qer29efeyWw2rv259HtGBNn1vZVmp8lB9uo9wC0t/AT4iGqXxia+CJFg==",
      "license": "ISC",
      "engines": {
        "node": ">=6.0.0"
      }
    },
    "node_modules/twitter-api-v2": {
      "version": "1.29.0",
      "resolved": "https://registry.npmjs.org/twitter-api-v2/-/twitter-api-v2-1.29.0.tgz",
      "integrity": "sha512-v473q5bwme4N+DWSg6qY+JCvfg1nSJRWwui3HUALafxfqCvVkKiYmS/5x/pVeJwTmyeBxexMbzHwnzrH4h6oYQ==",
      "license": "Apache-2.0"
    }
  }
}
